PODS:
  - Cache (1.0.0)
  - Hue (1.0.0)
  - Imaginary (0.1.0):
    - Cache
  - Spots (0.1.0):
    - Imaginary
    - Sugar
    - Tailor
  - Sugar (1.0.0)
  - Tailor (0.2.0):
    - Sugar

DEPENDENCIES:
  - Cache (from `https://github.com/hyperoslo/Cache`)
  - Hue (from `../../`)
  - Imaginary (from `https://github.com/hyperoslo/Imaginary`)
  - Spots (from `https://github.com/hyperoslo/Spots`)
  - Tailor (from `https://github.com/zenangst/Tailor`)

EXTERNAL SOURCES:
  Cache:
    :git: https://github.com/hyperoslo/Cache
  Hue:
    :path: ../../
  Imaginary:
    :git: https://github.com/hyperoslo/Imaginary
  Spots:
    :git: https://github.com/hyperoslo/Spots
  Tailor:
    :git: https://github.com/zenangst/Tailor

CHECKOUT OPTIONS:
  Cache:
    :commit: ae5f3ceb0124a4183d4d2ecfa59652109612906c
    :git: https://github.com/hyperoslo/Cache
  Imaginary:
    :commit: 1bc0d4536d827ffb6053585c68c4e694ce9d2d2e
    :git: https://github.com/hyperoslo/Imaginary
  Spots:
    :commit: c7f645be0cecd548ca93e6fb552b8ad67e532420
    :git: https://github.com/hyperoslo/Spots
  Tailor:
    :commit: 085f59593e5833532efa4d94b192e7bed49ce817
    :git: https://github.com/zenangst/Tailor

SPEC CHECKSUMS:
  Cache: 78f58bc008313c7a1182967a2ebcb3de9fddecd4
  Hue: 44ae8b1091935fcc75055174095ab04653989235
  Imaginary: feaea646440c68a9b6ed66a46597d548b9a44207
  Spots: 9de65acd79cebc15b9f9756a86f7cab0104bc8fe
  Sugar: 7191a36d6b567d65ba4ac7c67b1684ca0554fec5
  Tailor: acba14dba2fb854cdf2550c1a3dfd603f6b59dbc

COCOAPODS: 0.39.0
