PODS:
  - Cache (1.0.0)
  - Fakery (1.1.0):
    - SwiftyJSON
  - Hue (0.1.0)
  - Imaginary (0.1.0):
    - Cache
  - Spots (1.0.0):
    - Imaginary
    - Sugar
    - Tailor
  - Sugar (1.0.0)
  - SwiftyJSON (2.3.2)
  - Tailor (0.2.0):
    - Sugar

DEPENDENCIES:
  - Cache (from `https://github.com/hyperoslo/Cache`)
  - Fakery
  - Hue (from `../../`)
  - Imaginary (from `https://github.com/hyperoslo/Imaginary`)
  - Spots (from `https://github.com/hyperoslo/Spots`)
  - Tailor (from `https://github.com/zenangst/Tailor`)

EXTERNAL SOURCES:
  Cache:
    :git: https://github.com/hyperoslo/Cache
  Hue:
    :path: "../../"
  Imaginary:
    :git: https://github.com/hyperoslo/Imaginary
  Spots:
    :git: https://github.com/hyperoslo/Spots
  Tailor:
    :git: https://github.com/zenangst/Tailor

CHECKOUT OPTIONS:
  Cache:
    :commit: ae5f3ceb0124a4183d4d2ecfa59652109612906c
    :git: https://github.com/hyperoslo/Cache
  Imaginary:
    :commit: 265eb5ddd1df41bbcc9f0f860e33649e831868d4
    :git: https://github.com/hyperoslo/Imaginary
  Spots:
    :commit: 139ed26292c9321f0cf1f6c789056b5e1e1e9cd0
    :git: https://github.com/hyperoslo/Spots
  Tailor:
    :commit: 085f59593e5833532efa4d94b192e7bed49ce817
    :git: https://github.com/zenangst/Tailor

SPEC CHECKSUMS:
  Cache: 78f58bc008313c7a1182967a2ebcb3de9fddecd4
  Fakery: 593389814fb7c42fe7f0801e76c8ae55b95505e7
  Hue: 236ca79bd7426ab735bf0436589b8e505611a3fa
  Imaginary: feaea646440c68a9b6ed66a46597d548b9a44207
  Spots: f306eb047ce7896f2a7fbddf1a9fd8e3bf853015
  Sugar: 7191a36d6b567d65ba4ac7c67b1684ca0554fec5
  SwiftyJSON: 04ccea08915aa0109039157c7974cf0298da292a
  Tailor: acba14dba2fb854cdf2550c1a3dfd603f6b59dbc

COCOAPODS: 0.39.0
