// !$*UTF8*$!
{
	archiveVersion = 1;
	classes = {
	};
	objectVersion = 46;
	objects = {

/* Begin PBXBuildFile section */
		3B0B630FF9E74EDC679D59AF /* Pods.framework in Frameworks */ = {isa = PBXBuildFile; fileRef = CA6288E56E8D691786FA2D88 /* Pods.framework */; };
		BDD79C131C33E3E3004828C1 /* AppDelegate.swift in Sources */ = {isa = PBXBuildFile; fileRef = BDD79C0C1C33E3E3004828C1 /* AppDelegate.swift */; };
		BDD79C141C33E3E3004828C1 /* Assets.xcassets in Resources */ = {isa = PBXBuildFile; fileRef = BDD79C0D1C33E3E3004828C1 /* Assets.xcassets */; };
		BDD79C151C33E3E3004828C1 /* LaunchScreen.storyboard in Resources */ = {isa = PBXBuildFile; fileRef = BDD79C0E1C33E3E3004828C1 /* LaunchScreen.storyboard */; };
		BDD79C191C33E41C004828C1 /* GradientsController.swift in Sources */ = {isa = PBXBuildFile; fileRef = BDD79C181C33E41C004828C1 /* GradientsController.swift */; };
		BDD79C1C1C33EA44004828C1 /* GradientListCell.swift in Sources */ = {isa = PBXBuildFile; fileRef = BDD79C1B1C33EA44004828C1 /* GradientListCell.swift */; };
		BDD79C1F1C33F642004828C1 /* Color.swift in Sources */ = {isa = PBXBuildFile; fileRef = BDD79C1D1C33F642004828C1 /* Color.swift */; };
		BDD79C201C33F642004828C1 /* Font.swift in Sources */ = {isa = PBXBuildFile; fileRef = BDD79C1E1C33F642004828C1 /* Font.swift */; };
/* End PBXBuildFile section */

/* Begin PBXFileReference section */
		9EC638BABDD22702FC2CA5BA /* Pods.release.xcconfig */ = {isa = PBXFileReference; includeInIndex = 1; lastKnownFileType = text.xcconfig; name = Pods.release.xcconfig; path = "Pods/Target Support Files/Pods/Pods.release.xcconfig"; sourceTree = "<group>"; };
		A98837528CBB518D9D869F03 /* Pods.debug.xcconfig */ = {isa = PBXFileReference; includeInIndex = 1; lastKnownFileType = text.xcconfig; name = Pods.debug.xcconfig; path = "Pods/Target Support Files/Pods/Pods.debug.xcconfig"; sourceTree = "<group>"; };
		BDD79C0C1C33E3E3004828C1 /* AppDelegate.swift */ = {isa = PBXFileReference; fileEncoding = 4; lastKnownFileType = sourcecode.swift; path = AppDelegate.swift; sourceTree = "<group>"; };
		BDD79C0D1C33E3E3004828C1 /* Assets.xcassets */ = {isa = PBXFileReference; lastKnownFileType = folder.assetcatalog; path = Assets.xcassets; sourceTree = "<group>"; };
		BDD79C0F1C33E3E3004828C1 /* Base */ = {isa = PBXFileReference; lastKnownFileType = file.storyboard; name = Base; path = Base.lproj/LaunchScreen.storyboard; sourceTree = "<group>"; };
		BDD79C121C33E3E3004828C1 /* Info.plist */ = {isa = PBXFileReference; fileEncoding = 4; lastKnownFileType = text.plist.xml; path = Info.plist; sourceTree = "<group>"; };
		BDD79C181C33E41C004828C1 /* GradientsController.swift */ = {isa = PBXFileReference; fileEncoding = 4; lastKnownFileType = sourcecode.swift; path = GradientsController.swift; sourceTree = "<group>"; };
		BDD79C1B1C33EA44004828C1 /* GradientListCell.swift */ = {isa = PBXFileReference; fileEncoding = 4; lastKnownFileType = sourcecode.swift; path = GradientListCell.swift; sourceTree = "<group>"; };
		BDD79C1D1C33F642004828C1 /* Color.swift */ = {isa = PBXFileReference; fileEncoding = 4; lastKnownFileType = sourcecode.swift; path = Color.swift; sourceTree = "<group>"; };
		BDD79C1E1C33F642004828C1 /* Font.swift */ = {isa = PBXFileReference; fileEncoding = 4; lastKnownFileType = sourcecode.swift; path = Font.swift; sourceTree = "<group>"; };
		BDDDF1701C32B5930087F872 /* Gradients.app */ = {isa = PBXFileReference; explicitFileType = wrapper.application; includeInIndex = 0; path = Gradients.app; sourceTree = BUILT_PRODUCTS_DIR; };
		CA6288E56E8D691786FA2D88 /* Pods.framework */ = {isa = PBXFileReference; explicitFileType = wrapper.framework; includeInIndex = 0; path = Pods.framework; sourceTree = BUILT_PRODUCTS_DIR; };
/* End PBXFileReference section */

/* Begin PBXFrameworksBuildPhase section */
		BDDDF16D1C32B5930087F872 /* Frameworks */ = {
			isa = PBXFrameworksBuildPhase;
			buildActionMask = 2147483647;
			files = (
				3B0B630FF9E74EDC679D59AF /* Pods.framework in Frameworks */,
			);
			runOnlyForDeploymentPostprocessing = 0;
		};
/* End PBXFrameworksBuildPhase section */

/* Begin PBXGroup section */
		1C267CDA71C06E96EF89E1D1 /* Frameworks */ = {
			isa = PBXGroup;
			children = (
				CA6288E56E8D691786FA2D88 /* Pods.framework */,
			);
			name = Frameworks;
			sourceTree = "<group>";
		};
		BDD79C0B1C33E3E3004828C1 /* Gradients */ = {
			isa = PBXGroup;
			children = (
				BDD79C1D1C33F642004828C1 /* Color.swift */,
				BDD79C1E1C33F642004828C1 /* Font.swift */,
				BDD79C0C1C33E3E3004828C1 /* AppDelegate.swift */,
				BDD79C0D1C33E3E3004828C1 /* Assets.xcassets */,
				BDD79C1A1C33EA39004828C1 /* Cells */,
				BDD79C181C33E41C004828C1 /* GradientsController.swift */,
				BDD79C121C33E3E3004828C1 /* Info.plist */,
				BDD79C0E1C33E3E3004828C1 /* LaunchScreen.storyboard */,
			);
			path = Gradients;
			sourceTree = "<group>";
		};
		BDD79C1A1C33EA39004828C1 /* Cells */ = {
			isa = PBXGroup;
			children = (
				BDD79C1B1C33EA44004828C1 /* GradientListCell.swift */,
			);
			path = Cells;
			sourceTree = "<group>";
		};
		BDDDF1671C32B5930087F872 = {
			isa = PBXGroup;
			children = (
				BDD79C0B1C33E3E3004828C1 /* Gradients */,
				BDDDF1711C32B5930087F872 /* Products */,
				C41F313752B6F01D614EB5F8 /* Pods */,
				1C267CDA71C06E96EF89E1D1 /* Frameworks */,
			);
			sourceTree = "<group>";
		};
		BDDDF1711C32B5930087F872 /* Products */ = {
			isa = PBXGroup;
			children = (
				BDDDF1701C32B5930087F872 /* Gradients.app */,
			);
			name = Products;
			sourceTree = "<group>";
		};
		C41F313752B6F01D614EB5F8 /* Pods */ = {
			isa = PBXGroup;
			children = (
				A98837528CBB518D9D869F03 /* Pods.debug.xcconfig */,
				9EC638BABDD22702FC2CA5BA /* Pods.release.xcconfig */,
			);
			name = Pods;
			sourceTree = "<group>";
		};
/* End PBXGroup section */

/* Begin PBXNativeTarget section */
		BDDDF16F1C32B5930087F872 /* Gradients */ = {
			isa = PBXNativeTarget;
			buildConfigurationList = BDDDF1821C32B5930087F872 /* Build configuration list for PBXNativeTarget "Gradients" */;
			buildPhases = (
				F4CA0BAB0AA23D40D700CC59 /* Check Pods Manifest.lock */,
				BDDDF16C1C32B5930087F872 /* Sources */,
				BDDDF16D1C32B5930087F872 /* Frameworks */,
				BDDDF16E1C32B5930087F872 /* Resources */,
				434F9D4713E48F75706D2D76 /* Embed Pods Frameworks */,
				BEAC7D033C027EFCE5D6EF3C /* Copy Pods Resources */,
			);
			buildRules = (
			);
			dependencies = (
			);
			name = Gradients;
			productName = Hex;
			productReference = BDDDF1701C32B5930087F872 /* Gradients.app */;
			productType = "com.apple.product-type.application";
		};
/* End PBXNativeTarget section */

/* Begin PBXProject section */
		BDDDF1681C32B5930087F872 /* Project object */ = {
			isa = PBXProject;
			attributes = {
				LastSwiftUpdateCheck = 0720;
				LastUpgradeCheck = 0720;
				ORGANIZATIONNAME = Hyper;
				TargetAttributes = {
					BDDDF16F1C32B5930087F872 = {
						CreatedOnToolsVersion = 7.2;
					};
				};
			};
			buildConfigurationList = BDDDF16B1C32B5930087F872 /* Build configuration list for PBXProject "Gradients" */;
			compatibilityVersion = "Xcode 3.2";
			developmentRegion = English;
			hasScannedForEncodings = 0;
			knownRegions = (
				en,
				Base,
			);
			mainGroup = BDDDF1671C32B5930087F872;
			productRefGroup = BDDDF1711C32B5930087F872 /* Products */;
			projectDirPath = "";
			projectRoot = "";
			targets = (
				BDDDF16F1C32B5930087F872 /* Gradients */,
			);
		};
/* End PBXProject section */

/* Begin PBXResourcesBuildPhase section */
		BDDDF16E1C32B5930087F872 /* Resources */ = {
			isa = PBXResourcesBuildPhase;
			buildActionMask = 2147483647;
			files = (
				BDD79C141C33E3E3004828C1 /* Assets.xcassets in Resources */,
				BDD79C151C33E3E3004828C1 /* LaunchScreen.storyboard in Resources */,
			);
			runOnlyForDeploymentPostprocessing = 0;
		};
/* End PBXResourcesBuildPhase section */

/* Begin PBXShellScriptBuildPhase section */
		434F9D4713E48F75706D2D76 /* Embed Pods Frameworks */ = {
			isa = PBXShellScriptBuildPhase;
			buildActionMask = 2147483647;
			files = (
			);
			inputPaths = (
			);
			name = "Embed Pods Frameworks";
			outputPaths = (
			);
			runOnlyForDeploymentPostprocessing = 0;
			shellPath = /bin/sh;
			shellScript = "\"${SRCROOT}/Pods/Target Support Files/Pods/Pods-frameworks.sh\"\n";
			showEnvVarsInLog = 0;
		};
		BEAC7D033C027EFCE5D6EF3C /* Copy Pods Resources */ = {
			isa = PBXShellScriptBuildPhase;
			buildActionMask = 2147483647;
			files = (
			);
			inputPaths = (
			);
			name = "Copy Pods Resources";
			outputPaths = (
			);
			runOnlyForDeploymentPostprocessing = 0;
			shellPath = /bin/sh;
			shellScript = "\"${SRCROOT}/Pods/Target Support Files/Pods/Pods-resources.sh\"\n";
			showEnvVarsInLog = 0;
		};
		F4CA0BAB0AA23D40D700CC59 /* Check Pods Manifest.lock */ = {
			isa = PBXShellScriptBuildPhase;
			buildActionMask = 2147483647;
			files = (
			);
			inputPaths = (
			);
			name = "Check Pods Manifest.lock";
			outputPaths = (
			);
			runOnlyForDeploymentPostprocessing = 0;
			shellPath = /bin/sh;
			shellScript = "diff \"${PODS_ROOT}/../Podfile.lock\" \"${PODS_ROOT}/Manifest.lock\" > /dev/null\nif [[ $? != 0 ]] ; then\n    cat << EOM\nerror: The sandbox is not in sync with the Podfile.lock. Run 'pod install' or update your CocoaPods installation.\nEOM\n    exit 1\nfi\n";
			showEnvVarsInLog = 0;
		};
/* End PBXShellScriptBuildPhase section */

/* Begin PBXSourcesBuildPhase section */
		BDDDF16C1C32B5930087F872 /* Sources */ = {
			isa = PBXSourcesBuildPhase;
			buildActionMask = 2147483647;
			files = (
				BDD79C131C33E3E3004828C1 /* AppDelegate.swift in Sources */,
				BDD79C1F1C33F642004828C1 /* Color.swift in Sources */,
				BDD79C201C33F642004828C1 /* Font.swift in Sources */,
				BDD79C1C1C33EA44004828C1 /* GradientListCell.swift in Sources */,
				BDD79C191C33E41C004828C1 /* GradientsController.swift in Sources */,
			);
			runOnlyForDeploymentPostprocessing = 0;
		};
/* End PBXSourcesBuildPhase section */

/* Begin PBXVariantGroup section */
		BDD79C0E1C33E3E3004828C1 /* LaunchScreen.storyboard */ = {
			isa = PBXVariantGroup;
			children = (
				BDD79C0F1C33E3E3004828C1 /* Base */,
			);
			name = LaunchScreen.storyboard;
			sourceTree = "<group>";
		};
/* End PBXVariantGroup section */

/* Begin XCBuildConfiguration section */
		BDDDF1801C32B5930087F872 /* Debug */ = {
			isa = XCBuildConfiguration;
			buildSettings = {
				ALWAYS_SEARCH_USER_PATHS = NO;
				CLANG_CXX_LANGUAGE_STANDARD = "gnu++0x";
				CLANG_CXX_LIBRARY = "libc++";
				CLANG_ENABLE_MODULES = YES;
				CLANG_ENABLE_OBJC_ARC = YES;
				CLANG_WARN_BOOL_CONVERSION = YES;
				CLANG_WARN_CONSTANT_CONVERSION = YES;
				CLANG_WARN_DIRECT_OBJC_ISA_USAGE = YES_ERROR;
				CLANG_WARN_EMPTY_BODY = YES;
				CLANG_WARN_ENUM_CONVERSION = YES;
				CLANG_WARN_INT_CONVERSION = YES;
				CLANG_WARN_OBJC_ROOT_CLASS = YES_ERROR;
				CLANG_WARN_UNREACHABLE_CODE = YES;
				CLANG_WARN__DUPLICATE_METHOD_MATCH = YES;
				"CODE_SIGN_IDENTITY[sdk=iphoneos*]" = "iPhone Developer";
				COPY_PHASE_STRIP = NO;
				DEBUG_INFORMATION_FORMAT = dwarf;
				ENABLE_STRICT_OBJC_MSGSEND = YES;
				ENABLE_TESTABILITY = YES;
				GCC_C_LANGUAGE_STANDARD = gnu99;
				GCC_DYNAMIC_NO_PIC = NO;
				GCC_NO_COMMON_BLOCKS = YES;
				GCC_OPTIMIZATION_LEVEL = 0;
				GCC_PREPROCESSOR_DEFINITIONS = (
					"DEBUG=1",
					"$(inherited)",
				);
				GCC_WARN_64_TO_32_BIT_CONVERSION = YES;
				GCC_WARN_ABOUT_RETURN_TYPE = YES_ERROR;
				GCC_WARN_UNDECLARED_SELECTOR = YES;
				GCC_WARN_UNINITIALIZED_AUTOS = YES_AGGRESSIVE;
				GCC_WARN_UNUSED_FUNCTION = YES;
				GCC_WARN_UNUSED_VARIABLE = YES;
				IPHONEOS_DEPLOYMENT_TARGET = 9.2;
				MTL_ENABLE_DEBUG_INFO = YES;
				ONLY_ACTIVE_ARCH = YES;
				SDKROOT = iphoneos;
				SWIFT_OPTIMIZATION_LEVEL = "-Onone";
			};
			name = Debug;
		};
		BDDDF1811C32B5930087F872 /* Release */ = {
			isa = XCBuildConfiguration;
			buildSettings = {
				ALWAYS_SEARCH_USER_PATHS = NO;
				CLANG_CXX_LANGUAGE_STANDARD = "gnu++0x";
				CLANG_CXX_LIBRARY = "libc++";
				CLANG_ENABLE_MODULES = YES;
				CLANG_ENABLE_OBJC_ARC = YES;
				CLANG_WARN_BOOL_CONVERSION = YES;
				CLANG_WARN_CONSTANT_CONVERSION = YES;
				CLANG_WARN_DIRECT_OBJC_ISA_USAGE = YES_ERROR;
				CLANG_WARN_EMPTY_BODY = YES;
				CLANG_WARN_ENUM_CONVERSION = YES;
				CLANG_WARN_INT_CONVERSION = YES;
				CLANG_WARN_OBJC_ROOT_CLASS = YES_ERROR;
				CLANG_WARN_UNREACHABLE_CODE = YES;
				CLANG_WARN__DUPLICATE_METHOD_MATCH = YES;
				"CODE_SIGN_IDENTITY[sdk=iphoneos*]" = "iPhone Developer";
				COPY_PHASE_STRIP = NO;
				DEBUG_INFORMATION_FORMAT = "dwarf-with-dsym";
				ENABLE_NS_ASSERTIONS = NO;
				ENABLE_STRICT_OBJC_MSGSEND = YES;
				GCC_C_LANGUAGE_STANDARD = gnu99;
				GCC_NO_COMMON_BLOCKS = YES;
				GCC_WARN_64_TO_32_BIT_CONVERSION = YES;
				GCC_WARN_ABOUT_RETURN_TYPE = YES_ERROR;
				GCC_WARN_UNDECLARED_SELECTOR = YES;
				GCC_WARN_UNINITIALIZED_AUTOS = YES_AGGRESSIVE;
				GCC_WARN_UNUSED_FUNCTION = YES;
				GCC_WARN_UNUSED_VARIABLE = YES;
				IPHONEOS_DEPLOYMENT_TARGET = 9.2;
				MTL_ENABLE_DEBUG_INFO = NO;
				SDKROOT = iphoneos;
				VALIDATE_PRODUCT = YES;
			};
			name = Release;
		};
		BDDDF1831C32B5930087F872 /* Debug */ = {
			isa = XCBuildConfiguration;
			baseConfigurationReference = A98837528CBB518D9D869F03 /* Pods.debug.xcconfig */;
			buildSettings = {
				ASSETCATALOG_COMPILER_APPICON_NAME = AppIcon;
				INFOPLIST_FILE = "$(SRCROOT)/Gradients/Info.plist";
				LD_RUNPATH_SEARCH_PATHS = "$(inherited) @executable_path/Frameworks";
				PRODUCT_BUNDLE_IDENTIFIER = no.hyper.Hex;
				PRODUCT_NAME = Gradients;
			};
			name = Debug;
		};
		BDDDF1841C32B5930087F872 /* Release */ = {
			isa = XCBuildConfiguration;
			baseConfigurationReference = 9EC638BABDD22702FC2CA5BA /* Pods.release.xcconfig */;
			buildSettings = {
				ASSETCATALOG_COMPILER_APPICON_NAME = AppIcon;
				INFOPLIST_FILE = "$(SRCROOT)/Gradients/Info.plist";
				LD_RUNPATH_SEARCH_PATHS = "$(inherited) @executable_path/Frameworks";
				PRODUCT_BUNDLE_IDENTIFIER = no.hyper.Hex;
				PRODUCT_NAME = Gradients;
			};
			name = Release;
		};
/* End XCBuildConfiguration section */

/* Begin XCConfigurationList section */
		BDDDF16B1C32B5930087F872 /* Build configuration list for PBXProject "Gradients" */ = {
			isa = XCConfigurationList;
			buildConfigurations = (
				BDDDF1801C32B5930087F872 /* Debug */,
				BDDDF1811C32B5930087F872 /* Release */,
			);
			defaultConfigurationIsVisible = 0;
			defaultConfigurationName = Release;
		};
		BDDDF1821C32B5930087F872 /* Build configuration list for PBXNativeTarget "Gradients" */ = {
			isa = XCConfigurationList;
			buildConfigurations = (
				BDDDF1831C32B5930087F872 /* Debug */,
				BDDDF1841C32B5930087F872 /* Release */,
			);
			defaultConfigurationIsVisible = 0;
			defaultConfigurationName = Release;
		};
/* End XCConfigurationList section */
	};
	rootObject = BDDDF1681C32B5930087F872 /* Project object */;
}
